// !$*UTF8*$!
{
	archiveVersion = 1;
	classes = {
	};
	objectVersion = 77;
	objects = {

/* Begin PBXBuildFile section */
		0D51F5D4F5591524ADFAF02F /* Mischief.swift in Sources */ = {isa = PBXBuildFile; fileRef = F820E817E118618F2F3E6142 /* Mischief.swift */; };
		0DBC8D3945B49F396F29408F /* StatusBarController.swift in Sources */ = {isa = PBXBuildFile; fileRef = 66EA135B6A270027D14BE1CA /* StatusBarController.swift */; };
		118B7DAF40897E6DBF86ED28 /* PetEngine.swift in Sources */ = {isa = PBXBuildFile; fileRef = 8224EFE3E3FBE64C7BBB5653 /* PetEngine.swift */; };
		197F0FF07980DFBD8FF60290 /* mona-feral.gif in Resources */ = {isa = PBXBuildFile; fileRef = A879325A6DCCF62994B48042 /* mona-feral.gif */; };
		4F1FB6C23728D8805295482F /* mona-talk.gif in Resources */ = {isa = PBXBuildFile; fileRef = A57DA410006D2D2A990AD7BE /* mona-talk.gif */; };
		7A9FC358E13BCCDA0622DCC3 /* mona-restless.gif in Resources */ = {isa = PBXBuildFile; fileRef = CA22A51C2D7EDC1ADB62872F /* mona-restless.gif */; };
		9683DED60C5D4EEC1AAA22C6 /* Ultimatum.swift in Sources */ = {isa = PBXBuildFile; fileRef = 57381E71A579B67AAAF2ADD0 /* Ultimatum.swift */; };
		9A051B24958622B5DB9048C5 /* mona-anxious.gif in Resources */ = {isa = PBXBuildFile; fileRef = 7A5A31CAF4624E6E833ED2ED /* mona-anxious.gif */; };
		9B56B137003DD06A76115599 /* mona-sad.gif in Resources */ = {isa = PBXBuildFile; fileRef = A71E02ADDAA5BACF31D61AB9 /* mona-sad.gif */; };
		A2BB2A2D35926F4E889FA298 /* PetWindow.swift in Sources */ = {isa = PBXBuildFile; fileRef = 6F27B051A4B064B7D119726E /* PetWindow.swift */; };
		C95692EBD0705A936D331B81 /* mona-loading-default.gif in Resources */ = {isa = PBXBuildFile; fileRef = 8C7D55F1BB174A72778FA219 /* mona-loading-default.gif */; };
		CF684B3CFDC66E1226BFAFA3 /* mona-content.gif in Resources */ = {isa = PBXBuildFile; fileRef = 77855D4DBA52EA282C819B8C /* mona-content.gif */; };
		DB4C9B061556072870DE5072 /* PetView.swift in Sources */ = {isa = PBXBuildFile; fileRef = C65FBE3CA66C9538AA412770 /* PetView.swift */; };
		E88FE27B09409A76E0236336 /* AppDelegate.swift in Sources */ = {isa = PBXBuildFile; fileRef = 3A9F4841BA54D1E6C503869C /* AppDelegate.swift */; };
		ED789B4A676548F245214741 /* mona-crimes.gif in Resources */ = {isa = PBXBuildFile; fileRef = B218E1C9577EEF0F8DD599D8 /* mona-crimes.gif */; };
		F1153BF62B48DE59D42D1D9E /* mona-happy.gif in Resources */ = {isa = PBXBuildFile; fileRef = 2CD1F66669A0FF25F4DF97BD /* mona-happy.gif */; };
		F83C39EC03F4B495A4C228A3 /* chaos_action.py in Resources */ = {isa = PBXBuildFile; fileRef = 05F0A20433531A6BE127C8DD /* chaos_action.py */; };
/* End PBXBuildFile section */

/* Begin PBXFileReference section */
		05F0A20433531A6BE127C8DD /* chaos_action.py */ = {isa = PBXFileReference; lastKnownFileType = text.script.python; path = chaos_action.py; sourceTree = "<group>"; };
		2CD1F66669A0FF25F4DF97BD /* mona-happy.gif */ = {isa = PBXFileReference; lastKnownFileType = image.gif; path = "mona-happy.gif"; sourceTree = "<group>"; };
		3A9F4841BA54D1E6C503869C /* AppDelegate.swift */ = {isa = PBXFileReference; lastKnownFileType = sourcecode.swift; path = AppDelegate.swift; sourceTree = "<group>"; };
		57381E71A579B67AAAF2ADD0 /* Ultimatum.swift */ = {isa = PBXFileReference; lastKnownFileType = sourcecode.swift; path = Ultimatum.swift; sourceTree = "<group>"; };
		66EA135B6A270027D14BE1CA /* StatusBarController.swift */ = {isa = PBXFileReference; lastKnownFileType = sourcecode.swift; path = StatusBarController.swift; sourceTree = "<group>"; };
		6F27B051A4B064B7D119726E /* PetWindow.swift */ = {isa = PBXFileReference; lastKnownFileType = sourcecode.swift; path = PetWindow.swift; sourceTree = "<group>"; };
		73E53F0E665CE163D1EA684F /* Info.plist */ = {isa = PBXFileReference; lastKnownFileType = text.plist; path = Info.plist; sourceTree = "<group>"; };
		77855D4DBA52EA282C819B8C /* mona-content.gif */ = {isa = PBXFileReference; lastKnownFileType = image.gif; path = "mona-content.gif"; sourceTree = "<group>"; };
		7A5A31CAF4624E6E833ED2ED /* mona-anxious.gif */ = {isa = PBXFileReference; lastKnownFileType = image.gif; path = "mona-anxious.gif"; sourceTree = "<group>"; };
		8224EFE3E3FBE64C7BBB5653 /* PetEngine.swift */ = {isa = PBXFileReference; lastKnownFileType = sourcecode.swift; path = PetEngine.swift; sourceTree = "<group>"; };
		8C7D55F1BB174A72778FA219 /* mona-loading-default.gif */ = {isa = PBXFileReference; lastKnownFileType = image.gif; path = "mona-loading-default.gif"; sourceTree = "<group>"; };
		9512EA88B2B1608EB2DD35D8 /* Signing.xcconfig */ = {isa = PBXFileReference; lastKnownFileType = text.xcconfig; path = Signing.xcconfig; sourceTree = "<group>"; };
		A57DA410006D2D2A990AD7BE /* mona-talk.gif */ = {isa = PBXFileReference; lastKnownFileType = image.gif; path = "mona-talk.gif"; sourceTree = "<group>"; };
		A71E02ADDAA5BACF31D61AB9 /* mona-sad.gif */ = {isa = PBXFileReference; lastKnownFileType = image.gif; path = "mona-sad.gif"; sourceTree = "<group>"; };
		A879325A6DCCF62994B48042 /* mona-feral.gif */ = {isa = PBXFileReference; lastKnownFileType = image.gif; path = "mona-feral.gif"; sourceTree = "<group>"; };
		B218E1C9577EEF0F8DD599D8 /* mona-crimes.gif */ = {isa = PBXFileReference; lastKnownFileType = image.gif; path = "mona-crimes.gif"; sourceTree = "<group>"; };
		C65FBE3CA66C9538AA412770 /* PetView.swift */ = {isa = PBXFileReference; lastKnownFileType = sourcecode.swift; path = PetView.swift; sourceTree = "<group>"; };
		CA22A51C2D7EDC1ADB62872F /* mona-restless.gif */ = {isa = PBXFileReference; lastKnownFileType = image.gif; path = "mona-restless.gif"; sourceTree = "<group>"; };
		D7694F0E6E75C4DA601897DC /* ChaosTamagotchi.app */ = {isa = PBXFileReference; explicitFileType = wrapper.application; includeInIndex = 0; path = ChaosTamagotchi.app; sourceTree = BUILT_PRODUCTS_DIR; };
		F820E817E118618F2F3E6142 /* Mischief.swift */ = {isa = PBXFileReference; lastKnownFileType = sourcecode.swift; path = Mischief.swift; sourceTree = "<group>"; };
/* End PBXFileReference section */

/* Begin PBXGroup section */
		00A23335C1689ABED8740C0D /* ChaosTamagotchi */ = {
			isa = PBXGroup;
			children = (
				3A9F4841BA54D1E6C503869C /* AppDelegate.swift */,
				73E53F0E665CE163D1EA684F /* Info.plist */,
				F820E817E118618F2F3E6142 /* Mischief.swift */,
				7A5A31CAF4624E6E833ED2ED /* mona-anxious.gif */,
				77855D4DBA52EA282C819B8C /* mona-content.gif */,
				B218E1C9577EEF0F8DD599D8 /* mona-crimes.gif */,
				A879325A6DCCF62994B48042 /* mona-feral.gif */,
				2CD1F66669A0FF25F4DF97BD /* mona-happy.gif */,
				8C7D55F1BB174A72778FA219 /* mona-loading-default.gif */,
				CA22A51C2D7EDC1ADB62872F /* mona-restless.gif */,
				A71E02ADDAA5BACF31D61AB9 /* mona-sad.gif */,
				A57DA410006D2D2A990AD7BE /* mona-talk.gif */,
				8224EFE3E3FBE64C7BBB5653 /* PetEngine.swift */,
				C65FBE3CA66C9538AA412770 /* PetView.swift */,
				6F27B051A4B064B7D119726E /* PetWindow.swift */,
				66EA135B6A270027D14BE1CA /* StatusBarController.swift */,
				57381E71A579B67AAAF2ADD0 /* Ultimatum.swift */,
			);
			path = ChaosTamagotchi;
			sourceTree = "<group>";
		};
		58DEBAD956737F6D7EA41F6A /* DesktopApp */ = {
			isa = PBXGroup;
			children = (
				9512EA88B2B1608EB2DD35D8 /* Signing.xcconfig */,
			);
			name = DesktopApp;
			path = .;
			sourceTree = "<group>";
		};
		D8F1BAE5C01652FC09667EF8 /* sidecar */ = {
			isa = PBXGroup;
			children = (
				05F0A20433531A6BE127C8DD /* chaos_action.py */,
			);
			name = sidecar;
			path = ../sidecar;
			sourceTree = "<group>";
		};
		DEB079CFF29D1FDE53826B57 /* Products */ = {
			isa = PBXGroup;
			children = (
				D7694F0E6E75C4DA601897DC /* ChaosTamagotchi.app */,
			);
			name = Products;
			sourceTree = "<group>";
		};
		ED22102B190685442999EA44 = {
			isa = PBXGroup;
			children = (
				00A23335C1689ABED8740C0D /* ChaosTamagotchi */,
				58DEBAD956737F6D7EA41F6A /* DesktopApp */,
				D8F1BAE5C01652FC09667EF8 /* sidecar */,
				DEB079CFF29D1FDE53826B57 /* Products */,
			);
			sourceTree = "<group>";
		};
/* End PBXGroup section */

/* Begin PBXNativeTarget section */
		CCC41DF5969EE1B342356B5A /* ChaosTamagotchi */ = {
			isa = PBXNativeTarget;
			buildConfigurationList = C25EA16641AA2044CC4FC756 /* Build configuration list for PBXNativeTarget "ChaosTamagotchi" */;
			buildPhases = (
				34E58B514CBE0F6E65BA8499 /* Sources */,
				7C2E5C4C1C87B81B85F7DFB1 /* Resources */,
			);
			buildRules = (
			);
			dependencies = (
			);
			name = ChaosTamagotchi;
			packageProductDependencies = (
			);
			productName = ChaosTamagotchi;
			productReference = D7694F0E6E75C4DA601897DC /* ChaosTamagotchi.app */;
			productType = "com.apple.product-type.application";
		};
/* End PBXNativeTarget section */

/* Begin PBXProject section */
		B80AA691004FD04C8434709E /* Project object */ = {
			isa = PBXProject;
			attributes = {
				BuildIndependentTargetsInParallel = YES;
				LastUpgradeCheck = 1430;
				TargetAttributes = {
					CCC41DF5969EE1B342356B5A = {
						ProvisioningStyle = Manual;
					};
				};
			};
			buildConfigurationList = 59C7F5B9480FD73F1F9EBED8 /* Build configuration list for PBXProject "ChaosTamagotchi" */;
			compatibilityVersion = "Xcode 14.0";
			developmentRegion = en;
			hasScannedForEncodings = 0;
			knownRegions = (
				Base,
				en,
			);
			mainGroup = ED22102B190685442999EA44;
			minimizedProjectReferenceProxies = 1;
			preferredProjectObjectVersion = 77;
			projectDirPath = "";
			projectRoot = "";
			targets = (
				CCC41DF5969EE1B342356B5A /* ChaosTamagotchi */,
			);
		};
/* End PBXProject section */

/* Begin PBXResourcesBuildPhase section */
		7C2E5C4C1C87B81B85F7DFB1 /* Resources */ = {
			isa = PBXResourcesBuildPhase;
			buildActionMask = 2147483647;
			files = (
				F83C39EC03F4B495A4C228A3 /* chaos_action.py in Resources */,
				9A051B24958622B5DB9048C5 /* mona-anxious.gif in Resources */,
				CF684B3CFDC66E1226BFAFA3 /* mona-content.gif in Resources */,
				ED789B4A676548F245214741 /* mona-crimes.gif in Resources */,
				197F0FF07980DFBD8FF60290 /* mona-feral.gif in Resources */,
				F1153BF62B48DE59D42D1D9E /* mona-happy.gif in Resources */,
				C95692EBD0705A936D331B81 /* mona-loading-default.gif in Resources */,
				7A9FC358E13BCCDA0622DCC3 /* mona-restless.gif in Resources */,
				9B56B137003DD06A76115599 /* mona-sad.gif in Resources */,
				4F1FB6C23728D8805295482F /* mona-talk.gif in Resources */,
			);
			runOnlyForDeploymentPostprocessing = 0;
		};
/* End PBXResourcesBuildPhase section */

/* Begin PBXSourcesBuildPhase section */
		34E58B514CBE0F6E65BA8499 /* Sources */ = {
			isa = PBXSourcesBuildPhase;
			buildActionMask = 2147483647;
			files = (
				E88FE27B09409A76E0236336 /* AppDelegate.swift in Sources */,
				0D51F5D4F5591524ADFAF02F /* Mischief.swift in Sources */,
				118B7DAF40897E6DBF86ED28 /* PetEngine.swift in Sources */,
				DB4C9B061556072870DE5072 /* PetView.swift in Sources */,
				A2BB2A2D35926F4E889FA298 /* PetWindow.swift in Sources */,
				0DBC8D3945B49F396F29408F /* StatusBarController.swift in Sources */,
				9683DED60C5D4EEC1AAA22C6 /* Ultimatum.swift in Sources */,
			);
			runOnlyForDeploymentPostprocessing = 0;
		};
/* End PBXSourcesBuildPhase section */

/* Begin XCBuildConfiguration section */
		361D111566ADDEF4C141CAF9 /* Release */ = {
			isa = XCBuildConfiguration;
			baseConfigurationReference = 9512EA88B2B1608EB2DD35D8 /* Signing.xcconfig */;
			buildSettings = {
				ALWAYS_SEARCH_USER_PATHS = NO;
				CLANG_ANALYZER_NONNULL = YES;
				CLANG_ANALYZER_NUMBER_OBJECT_CONVERSION = YES_AGGRESSIVE;
				CLANG_CXX_LANGUAGE_STANDARD = "gnu++14";
				CLANG_CXX_LIBRARY = "libc++";
				CLANG_ENABLE_MODULES = YES;
				CLANG_ENABLE_OBJC_ARC = YES;
				CLANG_ENABLE_OBJC_WEAK = YES;
				CLANG_WARN_BLOCK_CAPTURE_AUTORELEASING = YES;
				CLANG_WARN_BOOL_CONVERSION = YES;
				CLANG_WARN_COMMA = YES;
				CLANG_WARN_CONSTANT_CONVERSION = YES;
				CLANG_WARN_DEPRECATED_OBJC_IMPLEMENTATIONS = YES;
				CLANG_WARN_DIRECT_OBJC_ISA_USAGE = YES_ERROR;
				CLANG_WARN_DOCUMENTATION_COMMENTS = YES;
				CLANG_WARN_EMPTY_BODY = YES;
				CLANG_WARN_ENUM_CONVERSION = YES;
				CLANG_WARN_INFINITE_RECURSION = YES;
				CLANG_WARN_INT_CONVERSION = YES;
				CLANG_WARN_NON_LITERAL_NULL_CONVERSION = YES;
				CLANG_WARN_OBJC_IMPLICIT_RETAIN_SELF = YES;
				CLANG_WARN_OBJC_LITERAL_CONVERSION = YES;
				CLANG_WARN_OBJC_ROOT_CLASS = YES_ERROR;
				CLANG_WARN_QUOTED_INCLUDE_IN_FRAMEWORK_HEADER = YES;
				CLANG_WARN_RANGE_LOOP_ANALYSIS = YES;
				CLANG_WARN_STRICT_PROTOTYPES = YES;
				CLANG_WARN_SUSPICIOUS_MOVE = YES;
				CLANG_WARN_UNGUARDED_AVAILABILITY = YES_AGGRESSIVE;
				CLANG_WARN_UNREACHABLE_CODE = YES;
				CLANG_WARN__DUPLICATE_METHOD_MATCH = YES;
				COPY_PHASE_STRIP = NO;
				DEBUG_INFORMATION_FORMAT = "dwarf-with-dsym";
				ENABLE_HARDENED_RUNTIME = NO;
				ENABLE_NS_ASSERTIONS = NO;
				ENABLE_STRICT_OBJC_MSGSEND = YES;
				GCC_C_LANGUAGE_STANDARD = gnu11;
				GCC_NO_COMMON_BLOCKS = YES;
				GCC_WARN_64_TO_32_BIT_CONVERSION = YES;
				GCC_WARN_ABOUT_RETURN_TYPE = YES_ERROR;
				GCC_WARN_UNDECLARED_SELECTOR = YES;
				GCC_WARN_UNINITIALIZED_AUTOS = YES_AGGRESSIVE;
				GCC_WARN_UNUSED_FUNCTION = YES;
				GCC_WARN_UNUSED_VARIABLE = YES;
				MACOSX_DEPLOYMENT_TARGET = 14.0;
				MTL_ENABLE_DEBUG_INFO = NO;
				MTL_FAST_MATH = YES;
				PRODUCT_NAME = "$(TARGET_NAME)";
				SDKROOT = macosx;
				SWIFT_COMPILATION_MODE = wholemodule;
				SWIFT_OPTIMIZATION_LEVEL = "-O";
				SWIFT_VERSION = 5.0;
			};
			name = Release;
		};
		4D369D3368D6D91A74A1C2C2 /* Release */ = {
			isa = XCBuildConfiguration;
			buildSettings = {
				ASSETCATALOG_COMPILER_APPICON_NAME = AppIcon;
				COMBINE_HIDPI_IMAGES = YES;
				ENABLE_APP_SANDBOX = NO;
				GENERATE_INFOPLIST_FILE = NO;
				INFOPLIST_FILE = ChaosTamagotchi/Info.plist;
				LD_RUNPATH_SEARCH_PATHS = (
					"$(inherited)",
					"@executable_path/../Frameworks",
				);
				PRODUCT_BUNDLE_IDENTIFIER = dev.chaos.ChaosTamagotchi;
				SDKROOT = macosx;
			};
			name = Release;
		};
		CF72FE8F8B6D339CCF24E734 /* Debug */ = {
			isa = XCBuildConfiguration;
			buildSettings = {
				ASSETCATALOG_COMPILER_APPICON_NAME = AppIcon;
				COMBINE_HIDPI_IMAGES = YES;
				ENABLE_APP_SANDBOX = NO;
				GENERATE_INFOPLIST_FILE = NO;
				INFOPLIST_FILE = ChaosTamagotchi/Info.plist;
				LD_RUNPATH_SEARCH_PATHS = (
					"$(inherited)",
					"@executable_path/../Frameworks",
				);
				PRODUCT_BUNDLE_IDENTIFIER = dev.chaos.ChaosTamagotchi;
				SDKROOT = macosx;
			};
			name = Debug;
		};
		D2E1882FC98B6764BDE5FDD2 /* Debug */ = {
			isa = XCBuildConfiguration;
			baseConfigurationReference = 9512EA88B2B1608EB2DD35D8 /* Signing.xcconfig */;
			buildSettings = {
				ALWAYS_SEARCH_USER_PATHS = NO;
				CLANG_ANALYZER_NONNULL = YES;
				CLANG_ANALYZER_NUMBER_OBJECT_CONVERSION = YES_AGGRESSIVE;
				CLANG_CXX_LANGUAGE_STANDARD = "gnu++14";
				CLANG_CXX_LIBRARY = "libc++";
				CLANG_ENABLE_MODULES = YES;
				CLANG_ENABLE_OBJC_ARC = YES;
				CLANG_ENABLE_OBJC_WEAK = YES;
				CLANG_WARN_BLOCK_CAPTURE_AUTORELEASING = YES;
				CLANG_WARN_BOOL_CONVERSION = YES;
				CLANG_WARN_COMMA = YES;
				CLANG_WARN_CONSTANT_CONVERSION = YES;
				CLANG_WARN_DEPRECATED_OBJC_IMPLEMENTATIONS = YES;
				CLANG_WARN_DIRECT_OBJC_ISA_USAGE = YES_ERROR;
				CLANG_WARN_DOCUMENTATION_COMMENTS = YES;
				CLANG_WARN_EMPTY_BODY = YES;
				CLANG_WARN_ENUM_CONVERSION = YES;
				CLANG_WARN_INFINITE_RECURSION = YES;
				CLANG_WARN_INT_CONVERSION = YES;
				CLANG_WARN_NON_LITERAL_NULL_CONVERSION = YES;
				CLANG_WARN_OBJC_IMPLICIT_RETAIN_SELF = YES;
				CLANG_WARN_OBJC_LITERAL_CONVERSION = YES;
				CLANG_WARN_OBJC_ROOT_CLASS = YES_ERROR;
				CLANG_WARN_QUOTED_INCLUDE_IN_FRAMEWORK_HEADER = YES;
				CLANG_WARN_RANGE_LOOP_ANALYSIS = YES;
				CLANG_WARN_STRICT_PROTOTYPES = YES;
				CLANG_WARN_SUSPICIOUS_MOVE = YES;
				CLANG_WARN_UNGUARDED_AVAILABILITY = YES_AGGRESSIVE;
				CLANG_WARN_UNREACHABLE_CODE = YES;
				CLANG_WARN__DUPLICATE_METHOD_MATCH = YES;
				COPY_PHASE_STRIP = NO;
				DEBUG_INFORMATION_FORMAT = dwarf;
				ENABLE_HARDENED_RUNTIME = NO;
				ENABLE_STRICT_OBJC_MSGSEND = YES;
				ENABLE_TESTABILITY = YES;
				GCC_C_LANGUAGE_STANDARD = gnu11;
				GCC_DYNAMIC_NO_PIC = NO;
				GCC_NO_COMMON_BLOCKS = YES;
				GCC_OPTIMIZATION_LEVEL = 0;
				GCC_PREPROCESSOR_DEFINITIONS = (
					"$(inherited)",
					"DEBUG=1",
				);
				GCC_WARN_64_TO_32_BIT_CONVERSION = YES;
				GCC_WARN_ABOUT_RETURN_TYPE = YES_ERROR;
				GCC_WARN_UNDECLARED_SELECTOR = YES;
				GCC_WARN_UNINITIALIZED_AUTOS = YES_AGGRESSIVE;
				GCC_WARN_UNUSED_FUNCTION = YES;
				GCC_WARN_UNUSED_VARIABLE = YES;
				MACOSX_DEPLOYMENT_TARGET = 14.0;
				MTL_ENABLE_DEBUG_INFO = INCLUDE_SOURCE;
				MTL_FAST_MATH = YES;
				ONLY_ACTIVE_ARCH = YES;
				PRODUCT_NAME = "$(TARGET_NAME)";
				SDKROOT = macosx;
				SWIFT_ACTIVE_COMPILATION_CONDITIONS = DEBUG;
				SWIFT_OPTIMIZATION_LEVEL = "-Onone";
				SWIFT_VERSION = 5.0;
			};
			name = Debug;
		};
/* End XCBuildConfiguration section */

/* Begin XCConfigurationList section */
		59C7F5B9480FD73F1F9EBED8 /* Build configuration list for PBXProject "ChaosTamagotchi" */ = {
			isa = XCConfigurationList;
			buildConfigurations = (
				D2E1882FC98B6764BDE5FDD2 /* Debug */,
				361D111566ADDEF4C141CAF9 /* Release */,
			);
			defaultConfigurationIsVisible = 0;
			defaultConfigurationName = Debug;
		};
		C25EA16641AA2044CC4FC756 /* Build configuration list for PBXNativeTarget "ChaosTamagotchi" */ = {
			isa = XCConfigurationList;
			buildConfigurations = (
				CF72FE8F8B6D339CCF24E734 /* Debug */,
				4D369D3368D6D91A74A1C2C2 /* Release */,
			);
			defaultConfigurationIsVisible = 0;
			defaultConfigurationName = Debug;
		};
/* End XCConfigurationList section */
	};
	rootObject = B80AA691004FD04C8434709E /* Project object */;
}
