// !$*UTF8*$!
{
	archiveVersion = 1;
	classes = {
	};
	objectVersion = 77;
	objects = {

/* Begin PBXBuildFile section */
		0DBC8D3945B49F396F29408F /* StatusBarController.swift in Sources */ = {isa = PBXBuildFile; fileRef = 66EA135B6A270027D14BE1CA /* StatusBarController.swift */; };
		118B7DAF40897E6DBF86ED28 /* PetEngine.swift in Sources */ = {isa = PBXBuildFile; fileRef = 8224EFE3E3FBE64C7BBB5653 /* PetEngine.swift */; };
		A2BB2A2D35926F4E889FA298 /* PetWindow.swift in Sources */ = {isa = PBXBuildFile; fileRef = 6F27B051A4B064B7D119726E /* PetWindow.swift */; };
		DB4C9B061556072870DE5072 /* PetView.swift in Sources */ = {isa = PBXBuildFile; fileRef = C65FBE3CA66C9538AA412770 /* PetView.swift */; };
		E88FE27B09409A76E0236336 /* AppDelegate.swift in Sources */ = {isa = PBXBuildFile; fileRef = 3A9F4841BA54D1E6C503869C /* AppDelegate.swift */; };
/* End PBXBuildFile section */

/* Begin PBXFileReference section */
		3A9F4841BA54D1E6C503869C /* AppDelegate.swift */ = {isa = PBXFileReference; lastKnownFileType = sourcecode.swift; path = AppDelegate.swift; sourceTree = "<group>"; };
		66EA135B6A270027D14BE1CA /* StatusBarController.swift */ = {isa = PBXFileReference; lastKnownFileType = sourcecode.swift; path = StatusBarController.swift; sourceTree = "<group>"; };
		6F27B051A4B064B7D119726E /* PetWindow.swift */ = {isa = PBXFileReference; lastKnownFileType = sourcecode.swift; path = PetWindow.swift; sourceTree = "<group>"; };
		73E53F0E665CE163D1EA684F /* Info.plist */ = {isa = PBXFileReference; lastKnownFileType = text.plist; path = Info.plist; sourceTree = "<group>"; };
		8224EFE3E3FBE64C7BBB5653 /* PetEngine.swift */ = {isa = PBXFileReference; lastKnownFileType = sourcecode.swift; path = PetEngine.swift; sourceTree = "<group>"; };
		C65FBE3CA66C9538AA412770 /* PetView.swift */ = {isa = PBXFileReference; lastKnownFileType = sourcecode.swift; path = PetView.swift; sourceTree = "<group>"; };
		D7694F0E6E75C4DA601897DC /* ChaosTamagotchi.app */ = {isa = PBXFileReference; explicitFileType = wrapper.application; includeInIndex = 0; path = ChaosTamagotchi.app; sourceTree = BUILT_PRODUCTS_DIR; };
/* End PBXFileReference section */

/* Begin PBXGroup section */
		00A23335C1689ABED8740C0D /* ChaosTamagotchi */ = {
			isa = PBXGroup;
			children = (
				3A9F4841BA54D1E6C503869C /* AppDelegate.swift */,
				73E53F0E665CE163D1EA684F /* Info.plist */,
				8224EFE3E3FBE64C7BBB5653 /* PetEngine.swift */,
				C65FBE3CA66C9538AA412770 /* PetView.swift */,
				6F27B051A4B064B7D119726E /* PetWindow.swift */,
				66EA135B6A270027D14BE1CA /* StatusBarController.swift */,
			);
			path = ChaosTamagotchi;
			sourceTree = "<group>";
		};
		DEB079CFF29D1FDE53826B57 /* Products */ = {
			isa = PBXGroup;
			children = (
				D7694F0E6E75C4DA601897DC /* ChaosTamagotchi.app */,
			);
			name = Products;
			sourceTree = "<group>";
		};
		ED22102B190685442999EA44 = {
			isa = PBXGroup;
			children = (
				00A23335C1689ABED8740C0D /* ChaosTamagotchi */,
				DEB079CFF29D1FDE53826B57 /* Products */,
			);
			sourceTree = "<group>";
		};
/* End PBXGroup section */

/* Begin PBXNativeTarget section */
		CCC41DF5969EE1B342356B5A /* ChaosTamagotchi */ = {
			isa = PBXNativeTarget;
			buildConfigurationList = C25EA16641AA2044CC4FC756 /* Build configuration list for PBXNativeTarget "ChaosTamagotchi" */;
			buildPhases = (
				34E58B514CBE0F6E65BA8499 /* Sources */,
			);
			buildRules = (
			);
			dependencies = (
			);
			name = ChaosTamagotchi;
			packageProductDependencies = (
			);
			productName = ChaosTamagotchi;
			productReference = D7694F0E6E75C4DA601897DC /* ChaosTamagotchi.app */;
			productType = "com.apple.product-type.application";
		};
/* End PBXNativeTarget section */

/* Begin PBXProject section */
		B80AA691004FD04C8434709E /* Project object */ = {
			isa = PBXProject;
			attributes = {
				BuildIndependentTargetsInParallel = YES;
				LastUpgradeCheck = 1430;
				TargetAttributes = {
					CCC41DF5969EE1B342356B5A = {
						ProvisioningStyle = Manual;
					};
				};
			};
			buildConfigurationList = 59C7F5B9480FD73F1F9EBED8 /* Build configuration list for PBXProject "ChaosTamagotchi" */;
			compatibilityVersion = "Xcode 14.0";
			developmentRegion = en;
			hasScannedForEncodings = 0;
			knownRegions = (
				Base,
				en,
			);
			mainGroup = ED22102B190685442999EA44;
			minimizedProjectReferenceProxies = 1;
			preferredProjectObjectVersion = 77;
			projectDirPath = "";
			projectRoot = "";
			targets = (
				CCC41DF5969EE1B342356B5A /* ChaosTamagotchi */,
			);
		};
/* End PBXProject section */

/* Begin PBXSourcesBuildPhase section */
		34E58B514CBE0F6E65BA8499 /* Sources */ = {
			isa = PBXSourcesBuildPhase;
			buildActionMask = 2147483647;
			files = (
				E88FE27B09409A76E0236336 /* AppDelegate.swift in Sources */,
				118B7DAF40897E6DBF86ED28 /* PetEngine.swift in Sources */,
				DB4C9B061556072870DE5072 /* PetView.swift in Sources */,
				A2BB2A2D35926F4E889FA298 /* PetWindow.swift in Sources */,
				0DBC8D3945B49F396F29408F /* StatusBarController.swift in Sources */,
			);
			runOnlyForDeploymentPostprocessing = 0;
		};
/* End PBXSourcesBuildPhase section */

/* Begin XCBuildConfiguration section */
		361D111566ADDEF4C141CAF9 /* Release */ = {
			isa = XCBuildConfiguration;
			buildSettings = {
				ALWAYS_SEARCH_USER_PATHS = NO;
				CLANG_ANALYZER_NONNULL = YES;
				CLANG_ANALYZER_NUMBER_OBJECT_CONVERSION = YES_AGGRESSIVE;
				CLANG_CXX_LANGUAGE_STANDARD = "gnu++14";
				CLANG_CXX_LIBRARY = "libc++";
				CLANG_ENABLE_MODULES = YES;
				CLANG_ENABLE_OBJC_ARC = YES;
				CLANG_ENABLE_OBJC_WEAK = YES;
				CLANG_WARN_BLOCK_CAPTURE_AUTORELEASING = YES;
				CLANG_WARN_BOOL_CONVERSION = YES;
				CLANG_WARN_COMMA = YES;
				CLANG_WARN_CONSTANT_CONVERSION = YES;
				CLANG_WARN_DEPRECATED_OBJC_IMPLEMENTATIONS = YES;
				CLANG_WARN_DIRECT_OBJC_ISA_USAGE = YES_ERROR;
				CLANG_WARN_DOCUMENTATION_COMMENTS = YES;
				CLANG_WARN_EMPTY_BODY = YES;
				CLANG_WARN_ENUM_CONVERSION = YES;
				CLANG_WARN_INFINITE_RECURSION = YES;
				CLANG_WARN_INT_CONVERSION = YES;
				CLANG_WARN_NON_LITERAL_NULL_CONVERSION = YES;
				CLANG_WARN_OBJC_IMPLICIT_RETAIN_SELF = YES;
				CLANG_WARN_OBJC_LITERAL_CONVERSION = YES;
				CLANG_WARN_OBJC_ROOT_CLASS = YES_ERROR;
				CLANG_WARN_QUOTED_INCLUDE_IN_FRAMEWORK_HEADER = YES;
				CLANG_WARN_RANGE_LOOP_ANALYSIS = YES;
				CLANG_WARN_STRICT_PROTOTYPES = YES;
				CLANG_WARN_SUSPICIOUS_MOVE = YES;
				CLANG_WARN_UNGUARDED_AVAILABILITY = YES_AGGRESSIVE;
				CLANG_WARN_UNREACHABLE_CODE = YES;
				CLANG_WARN__DUPLICATE_METHOD_MATCH = YES;
				CODE_SIGN_IDENTITY = "-";
				CODE_SIGN_STYLE = Manual;
				COPY_PHASE_STRIP = NO;
				DEBUG_INFORMATION_FORMAT = "dwarf-with-dsym";
				ENABLE_HARDENED_RUNTIME = NO;
				ENABLE_NS_ASSERTIONS = NO;
				ENABLE_STRICT_OBJC_MSGSEND = YES;
				GCC_C_LANGUAGE_STANDARD = gnu11;
				GCC_NO_COMMON_BLOCKS = YES;
				GCC_WARN_64_TO_32_BIT_CONVERSION = YES;
				GCC_WARN_ABOUT_RETURN_TYPE = YES_ERROR;
				GCC_WARN_UNDECLARED_SELECTOR = YES;
				GCC_WARN_UNINITIALIZED_AUTOS = YES_AGGRESSIVE;
				GCC_WARN_UNUSED_FUNCTION = YES;
				GCC_WARN_UNUSED_VARIABLE = YES;
				MACOSX_DEPLOYMENT_TARGET = 14.0;
				MTL_ENABLE_DEBUG_INFO = NO;
				MTL_FAST_MATH = YES;
				PRODUCT_NAME = "$(TARGET_NAME)";
				SDKROOT = macosx;
				SWIFT_COMPILATION_MODE = wholemodule;
				SWIFT_OPTIMIZATION_LEVEL = "-O";
				SWIFT_VERSION = 5.0;
			};
			name = Release;
		};
		4D369D3368D6D91A74A1C2C2 /* Release */ = {
			isa = XCBuildConfiguration;
			buildSettings = {
				ASSETCATALOG_COMPILER_APPICON_NAME = AppIcon;
				COMBINE_HIDPI_IMAGES = YES;
				ENABLE_APP_SANDBOX = NO;
				GENERATE_INFOPLIST_FILE = NO;
				INFOPLIST_FILE = ChaosTamagotchi/Info.plist;
				LD_RUNPATH_SEARCH_PATHS = (
					"$(inherited)",
					"@executable_path/../Frameworks",
				);
				PRODUCT_BUNDLE_IDENTIFIER = dev.chaos.ChaosTamagotchi;
				SDKROOT = macosx;
			};
			name = Release;
		};
		CF72FE8F8B6D339CCF24E734 /* Debug */ = {
			isa = XCBuildConfiguration;
			buildSettings = {
				ASSETCATALOG_COMPILER_APPICON_NAME = AppIcon;
				COMBINE_HIDPI_IMAGES = YES;
				ENABLE_APP_SANDBOX = NO;
				GENERATE_INFOPLIST_FILE = NO;
				INFOPLIST_FILE = ChaosTamagotchi/Info.plist;
				LD_RUNPATH_SEARCH_PATHS = (
					"$(inherited)",
					"@executable_path/../Frameworks",
				);
				PRODUCT_BUNDLE_IDENTIFIER = dev.chaos.ChaosTamagotchi;
				SDKROOT = macosx;
			};
			name = Debug;
		};
		D2E1882FC98B6764BDE5FDD2 /* Debug */ = {
			isa = XCBuildConfiguration;
			buildSettings = {
				ALWAYS_SEARCH_USER_PATHS = NO;
				CLANG_ANALYZER_NONNULL = YES;
				CLANG_ANALYZER_NUMBER_OBJECT_CONVERSION = YES_AGGRESSIVE;
				CLANG_CXX_LANGUAGE_STANDARD = "gnu++14";
				CLANG_CXX_LIBRARY = "libc++";
				CLANG_ENABLE_MODULES = YES;
				CLANG_ENABLE_OBJC_ARC = YES;
				CLANG_ENABLE_OBJC_WEAK = YES;
				CLANG_WARN_BLOCK_CAPTURE_AUTORELEASING = YES;
				CLANG_WARN_BOOL_CONVERSION = YES;
				CLANG_WARN_COMMA = YES;
				CLANG_WARN_CONSTANT_CONVERSION = YES;
				CLANG_WARN_DEPRECATED_OBJC_IMPLEMENTATIONS = YES;
				CLANG_WARN_DIRECT_OBJC_ISA_USAGE = YES_ERROR;
				CLANG_WARN_DOCUMENTATION_COMMENTS = YES;
				CLANG_WARN_EMPTY_BODY = YES;
				CLANG_WARN_ENUM_CONVERSION = YES;
				CLANG_WARN_INFINITE_RECURSION = YES;
				CLANG_WARN_INT_CONVERSION = YES;
				CLANG_WARN_NON_LITERAL_NULL_CONVERSION = YES;
				CLANG_WARN_OBJC_IMPLICIT_RETAIN_SELF = YES;
				CLANG_WARN_OBJC_LITERAL_CONVERSION = YES;
				CLANG_WARN_OBJC_ROOT_CLASS = YES_ERROR;
				CLANG_WARN_QUOTED_INCLUDE_IN_FRAMEWORK_HEADER = YES;
				CLANG_WARN_RANGE_LOOP_ANALYSIS = YES;
				CLANG_WARN_STRICT_PROTOTYPES = YES;
				CLANG_WARN_SUSPICIOUS_MOVE = YES;
				CLANG_WARN_UNGUARDED_AVAILABILITY = YES_AGGRESSIVE;
				CLANG_WARN_UNREACHABLE_CODE = YES;
				CLANG_WARN__DUPLICATE_METHOD_MATCH = YES;
				CODE_SIGN_IDENTITY = "-";
				CODE_SIGN_STYLE = Manual;
				COPY_PHASE_STRIP = NO;
				DEBUG_INFORMATION_FORMAT = dwarf;
				ENABLE_HARDENED_RUNTIME = NO;
				ENABLE_STRICT_OBJC_MSGSEND = YES;
				ENABLE_TESTABILITY = YES;
				GCC_C_LANGUAGE_STANDARD = gnu11;
				GCC_DYNAMIC_NO_PIC = NO;
				GCC_NO_COMMON_BLOCKS = YES;
				GCC_OPTIMIZATION_LEVEL = 0;
				GCC_PREPROCESSOR_DEFINITIONS = (
					"$(inherited)",
					"DEBUG=1",
				);
				GCC_WARN_64_TO_32_BIT_CONVERSION = YES;
				GCC_WARN_ABOUT_RETURN_TYPE = YES_ERROR;
				GCC_WARN_UNDECLARED_SELECTOR = YES;
				GCC_WARN_UNINITIALIZED_AUTOS = YES_AGGRESSIVE;
				GCC_WARN_UNUSED_FUNCTION = YES;
				GCC_WARN_UNUSED_VARIABLE = YES;
				MACOSX_DEPLOYMENT_TARGET = 14.0;
				MTL_ENABLE_DEBUG_INFO = INCLUDE_SOURCE;
				MTL_FAST_MATH = YES;
				ONLY_ACTIVE_ARCH = YES;
				PRODUCT_NAME = "$(TARGET_NAME)";
				SDKROOT = macosx;
				SWIFT_ACTIVE_COMPILATION_CONDITIONS = DEBUG;
				SWIFT_OPTIMIZATION_LEVEL = "-Onone";
				SWIFT_VERSION = 5.0;
			};
			name = Debug;
		};
/* End XCBuildConfiguration section */

/* Begin XCConfigurationList section */
		59C7F5B9480FD73F1F9EBED8 /* Build configuration list for PBXProject "ChaosTamagotchi" */ = {
			isa = XCConfigurationList;
			buildConfigurations = (
				D2E1882FC98B6764BDE5FDD2 /* Debug */,
				361D111566ADDEF4C141CAF9 /* Release */,
			);
			defaultConfigurationIsVisible = 0;
			defaultConfigurationName = Debug;
		};
		C25EA16641AA2044CC4FC756 /* Build configuration list for PBXNativeTarget "ChaosTamagotchi" */ = {
			isa = XCConfigurationList;
			buildConfigurations = (
				CF72FE8F8B6D339CCF24E734 /* Debug */,
				4D369D3368D6D91A74A1C2C2 /* Release */,
			);
			defaultConfigurationIsVisible = 0;
			defaultConfigurationName = Debug;
		};
/* End XCConfigurationList section */
	};
	rootObject = B80AA691004FD04C8434709E /* Project object */;
}
